
Microsoft Visual Studio Solution File, Format Version 12.00
# Visual Studio 2013
VisualStudioVersion = 12.0.31101.0
MinimumVisualStudioVersion = 10.0.40219.1
Project("{FAE04EC0-301F-11D3-BF4B-00C04F79EFBC}") = "View", "View\View.csproj", "{217BD4F9-C2E9-4FAD-A2CA-68FE832867FB}"
EndProject
Project("{FAE04EC0-301F-11D3-BF4B-00C04F79EFBC}") = "Business", "Business\Business.csproj", "{705BEF98-0613-4855-9FD8-C651F48B1D44}"
EndProject
Project("{FAE04EC0-301F-11D3-BF4B-00C04F79EFBC}") = "Dto", "Dto\Dto.csproj", "{D29E44E8-BF4C-4950-9630-85BCFE764305}"
EndProject
Global
	GlobalSection(SolutionConfigurationPlatforms) = preSolution
		Debug|Any CPU = Debug|Any CPU
		Release|Any CPU = Release|Any CPU
	EndGlobalSection
	GlobalSection(ProjectConfigurationPlatforms) = postSolution
		{217BD4F9-C2E9-4FAD-A2CA-68FE832867FB}.Debug|Any CPU.ActiveCfg = Debug|Any CPU
		{217BD4F9-C2E9-4FAD-A2CA-68FE832867FB}.Debug|Any CPU.Build.0 = Debug|Any CPU
		{217BD4F9-C2E9-4FAD-A2CA-68FE832867FB}.Release|Any CPU.ActiveCfg = Release|Any CPU
		{217BD4F9-C2E9-4FAD-A2CA-68FE832867FB}.Release|Any CPU.Build.0 = Release|Any CPU
		{705BEF98-0613-4855-9FD8-C651F48B1D44}.Debug|Any CPU.ActiveCfg = Debug|Any CPU
		{705BEF98-0613-4855-9FD8-C651F48B1D44}.Debug|Any CPU.Build.0 = Debug|Any CPU
		{705BEF98-0613-4855-9FD8-C651F48B1D44}.Release|Any CPU.ActiveCfg = Release|Any CPU
		{705BEF98-0613-4855-9FD8-C651F48B1D44}.Release|Any CPU.Build.0 = Release|Any CPU
		{D29E44E8-BF4C-4950-9630-85BCFE764305}.Debug|Any CPU.ActiveCfg = Debug|Any CPU
		{D29E44E8-BF4C-4950-9630-85BCFE764305}.Debug|Any CPU.Build.0 = Debug|Any CPU
		{D29E44E8-BF4C-4950-9630-85BCFE764305}.Release|Any CPU.ActiveCfg = Release|Any CPU
		{D29E44E8-BF4C-4950-9630-85BCFE764305}.Release|Any CPU.Build.0 = Release|Any CPU
	EndGlobalSection
	GlobalSection(SolutionProperties) = preSolution
		HideSolutionNode = FALSE
	EndGlobalSection
EndGlobal
